
Microsoft Visual Studio Solution File, Format Version 12.00
# Visual Studio Version 16
VisualStudioVersion = 16.0.31025.194
MinimumVisualStudioVersion = 10.0.40219.1
Project("{FAE04EC0-301F-11D3-BF4B-00C04F79EFBC}") = "lab5", "lab5\lab5.csproj", "{0301435C-0A74-4CDA-A57A-739FD9DB0799}"
EndProject
Global
	GlobalSection(SolutionConfigurationPlatforms) = preSolution
		Debug|Any CPU = Debug|Any CPU
		Release|Any CPU = Release|Any CPU
	EndGlobalSection
	GlobalSection(ProjectConfigurationPlatforms) = postSolution
		{0301435C-0A74-4CDA-A57A-739FD9DB0799}.Debug|Any CPU.ActiveCfg = Debug|Any CPU
		{0301435C-0A74-4CDA-A57A-739FD9DB0799}.Debug|Any CPU.Build.0 = Debug|Any CPU
		{0301435C-0A74-4CDA-A57A-739FD9DB0799}.Release|Any CPU.ActiveCfg = Release|Any CPU
		{0301435C-0A74-4CDA-A57A-739FD9DB0799}.Release|Any CPU.Build.0 = Release|Any CPU
	EndGlobalSection
	GlobalSection(SolutionProperties) = preSolution
		HideSolutionNode = FALSE
	EndGlobalSection
	GlobalSection(ExtensibilityGlobals) = postSolution
		SolutionGuid = {5D263DF9-51F2-451E-B331-A491240988A1}
	EndGlobalSection
EndGlobal
